
Microsoft Visual Studio Solution File, Format Version 12.00
# Visual Studio 15
VisualStudioVersion = 15.0.27428.2011
MinimumVisualStudioVersion = 10.0.40219.1
Project("{FAE04EC0-301F-11D3-BF4B-00C04F79EFBC}") = "Ex05_Othelo", "B19 Ex05 Mor 206337800 Koral 311402267\Ex05_Othelo.csproj", "{82AA8668-AD7A-4F6B-955B-E8E465E81382}"
EndProject
Project("{2150E333-8FDC-42A3-9474-1A3956D46DE8}") = "Solution Items", "Solution Items", "{728B2567-A996-4AD1-98F7-DFA882BA33D9}"
	ProjectSection(SolutionItems) = preProject
		Info.txt = Info.txt
	EndProjectSection
EndProject
Global
	GlobalSection(SolutionConfigurationPlatforms) = preSolution
		Debug|Any CPU = Debug|Any CPU
		Release|Any CPU = Release|Any CPU
	EndGlobalSection
	GlobalSection(ProjectConfigurationPlatforms) = postSolution
		{82AA8668-AD7A-4F6B-955B-E8E465E81382}.Debug|Any CPU.ActiveCfg = Debug|Any CPU
		{82AA8668-AD7A-4F6B-955B-E8E465E81382}.Debug|Any CPU.Build.0 = Debug|Any CPU
		{82AA8668-AD7A-4F6B-955B-E8E465E81382}.Release|Any CPU.ActiveCfg = Release|Any CPU
		{82AA8668-AD7A-4F6B-955B-E8E465E81382}.Release|Any CPU.Build.0 = Release|Any CPU
	EndGlobalSection
	GlobalSection(SolutionProperties) = preSolution
		HideSolutionNode = FALSE
	EndGlobalSection
	GlobalSection(ExtensibilityGlobals) = postSolution
		SolutionGuid = {C44C0BCB-9F46-4A5B-BE89-FE4E44135907}
	EndGlobalSection
EndGlobal
